// !$*UTF8*$!
{
	archiveVersion = 1;
	classes = {
	};
	objectVersion = 50;
	objects = {

/* Begin PBXBuildFile section */
		04A9FF5F22D1DABA00B4C3D3 /* Products.plist in Resources */ = {isa = PBXBuildFile; fileRef = 04A9FF5E22D1DABA00B4C3D3 /* Products.plist */; };
		04B4354F22CD265000B1846D /* AppDelegate.swift in Sources */ = {isa = PBXBuildFile; fileRef = 04B4354E22CD265000B1846D /* AppDelegate.swift */; };
		04B4355422CD265000B1846D /* Main.storyboard in Resources */ = {isa = PBXBuildFile; fileRef = 04B4355222CD265000B1846D /* Main.storyboard */; };
		04B4355722CD265000B1846D /* InternetStoreTest.xcdatamodeld in Sources */ = {isa = PBXBuildFile; fileRef = 04B4355522CD265000B1846D /* InternetStoreTest.xcdatamodeld */; };
		04B4355922CD265300B1846D /* Assets.xcassets in Resources */ = {isa = PBXBuildFile; fileRef = 04B4355822CD265300B1846D /* Assets.xcassets */; };
		04B4355C22CD265300B1846D /* LaunchScreen.storyboard in Resources */ = {isa = PBXBuildFile; fileRef = 04B4355A22CD265300B1846D /* LaunchScreen.storyboard */; };
		04B4356522CD364900B1846D /* StoreOptionsScreenVC.swift in Sources */ = {isa = PBXBuildFile; fileRef = 04B4356422CD364900B1846D /* StoreOptionsScreenVC.swift */; };
		04B4356722CD3A5A00B1846D /* ProductsForBuyingVC.swift in Sources */ = {isa = PBXBuildFile; fileRef = 04B4356622CD3A5A00B1846D /* ProductsForBuyingVC.swift */; };
		04B4356B22CD3B2100B1846D /* Product.swift in Sources */ = {isa = PBXBuildFile; fileRef = 04B4356A22CD3B2100B1846D /* Product.swift */; };
		04B4356D22CE7BB600B1846D /* ProductDetailsVC.swift in Sources */ = {isa = PBXBuildFile; fileRef = 04B4356C22CE7BB600B1846D /* ProductDetailsVC.swift */; };
		04B4356F22CE7F0800B1846D /* ProductForSellingVC.swift in Sources */ = {isa = PBXBuildFile; fileRef = 04B4356E22CE7F0800B1846D /* ProductForSellingVC.swift */; };
		04B4357322CE9EA500B1846D /* CreateProductVC.swift in Sources */ = {isa = PBXBuildFile; fileRef = 04B4357222CE9EA500B1846D /* CreateProductVC.swift */; };
/* End PBXBuildFile section */

/* Begin PBXFileReference section */
		04A9FF5E22D1DABA00B4C3D3 /* Products.plist */ = {isa = PBXFileReference; lastKnownFileType = text.plist.xml; path = Products.plist; sourceTree = "<group>"; };
		04B4354B22CD265000B1846D /* InternetStoreTest.app */ = {isa = PBXFileReference; explicitFileType = wrapper.application; includeInIndex = 0; path = InternetStoreTest.app; sourceTree = BUILT_PRODUCTS_DIR; };
		04B4354E22CD265000B1846D /* AppDelegate.swift */ = {isa = PBXFileReference; lastKnownFileType = sourcecode.swift; path = AppDelegate.swift; sourceTree = "<group>"; };
		04B4355322CD265000B1846D /* Base */ = {isa = PBXFileReference; lastKnownFileType = file.storyboard; name = Base; path = Base.lproj/Main.storyboard; sourceTree = "<group>"; };
		04B4355622CD265000B1846D /* InternetStoreTest.xcdatamodel */ = {isa = PBXFileReference; lastKnownFileType = wrapper.xcdatamodel; path = InternetStoreTest.xcdatamodel; sourceTree = "<group>"; };
		04B4355822CD265300B1846D /* Assets.xcassets */ = {isa = PBXFileReference; lastKnownFileType = folder.assetcatalog; path = Assets.xcassets; sourceTree = "<group>"; };
		04B4355B22CD265300B1846D /* Base */ = {isa = PBXFileReference; lastKnownFileType = file.storyboard; name = Base; path = Base.lproj/LaunchScreen.storyboard; sourceTree = "<group>"; };
		04B4355D22CD265300B1846D /* Info.plist */ = {isa = PBXFileReference; lastKnownFileType = text.plist.xml; path = Info.plist; sourceTree = "<group>"; };
		04B4356422CD364900B1846D /* StoreOptionsScreenVC.swift */ = {isa = PBXFileReference; lastKnownFileType = sourcecode.swift; path = StoreOptionsScreenVC.swift; sourceTree = "<group>"; };
		04B4356622CD3A5A00B1846D /* ProductsForBuyingVC.swift */ = {isa = PBXFileReference; lastKnownFileType = sourcecode.swift; path = ProductsForBuyingVC.swift; sourceTree = "<group>"; };
		04B4356A22CD3B2100B1846D /* Product.swift */ = {isa = PBXFileReference; lastKnownFileType = sourcecode.swift; path = Product.swift; sourceTree = "<group>"; };
		04B4356C22CE7BB600B1846D /* ProductDetailsVC.swift */ = {isa = PBXFileReference; lastKnownFileType = sourcecode.swift; path = ProductDetailsVC.swift; sourceTree = "<group>"; };
		04B4356E22CE7F0800B1846D /* ProductForSellingVC.swift */ = {isa = PBXFileReference; lastKnownFileType = sourcecode.swift; path = ProductForSellingVC.swift; sourceTree = "<group>"; };
		04B4357222CE9EA500B1846D /* CreateProductVC.swift */ = {isa = PBXFileReference; lastKnownFileType = sourcecode.swift; path = CreateProductVC.swift; sourceTree = "<group>"; };
/* End PBXFileReference section */

/* Begin PBXFrameworksBuildPhase section */
		04B4354822CD265000B1846D /* Frameworks */ = {
			isa = PBXFrameworksBuildPhase;
			buildActionMask = 2147483647;
			files = (
			);
			runOnlyForDeploymentPostprocessing = 0;
		};
/* End PBXFrameworksBuildPhase section */

/* Begin PBXGroup section */
		04B4354222CD265000B1846D = {
			isa = PBXGroup;
			children = (
				04B4354D22CD265000B1846D /* InternetStoreTest */,
				04B4354C22CD265000B1846D /* Products */,
			);
			sourceTree = "<group>";
		};
		04B4354C22CD265000B1846D /* Products */ = {
			isa = PBXGroup;
			children = (
				04B4354B22CD265000B1846D /* InternetStoreTest.app */,
			);
			name = Products;
			sourceTree = "<group>";
		};
		04B4354D22CD265000B1846D /* InternetStoreTest */ = {
			isa = PBXGroup;
			children = (
				04B4354E22CD265000B1846D /* AppDelegate.swift */,
				04B4355222CD265000B1846D /* Main.storyboard */,
				04B4355822CD265300B1846D /* Assets.xcassets */,
				04B4356822CD3A9E00B1846D /* Models */,
				04B4356322CD361500B1846D /* Controllers */,
				04B4355A22CD265300B1846D /* LaunchScreen.storyboard */,
				04B4355D22CD265300B1846D /* Info.plist */,
				04A9FF5E22D1DABA00B4C3D3 /* Products.plist */,
				04B4355522CD265000B1846D /* InternetStoreTest.xcdatamodeld */,
			);
			path = InternetStoreTest;
			sourceTree = "<group>";
		};
		04B4356322CD361500B1846D /* Controllers */ = {
			isa = PBXGroup;
			children = (
				04B4356422CD364900B1846D /* StoreOptionsScreenVC.swift */,
				04B4356622CD3A5A00B1846D /* ProductsForBuyingVC.swift */,
				04B4356C22CE7BB600B1846D /* ProductDetailsVC.swift */,
				04B4356E22CE7F0800B1846D /* ProductForSellingVC.swift */,
				04B4357222CE9EA500B1846D /* CreateProductVC.swift */,
			);
			path = Controllers;
			sourceTree = "<group>";
		};
		04B4356822CD3A9E00B1846D /* Models */ = {
			isa = PBXGroup;
			children = (
				04B4356A22CD3B2100B1846D /* Product.swift */,
			);
			path = Models;
			sourceTree = "<group>";
		};
/* End PBXGroup section */

/* Begin PBXNativeTarget section */
		04B4354A22CD265000B1846D /* InternetStoreTest */ = {
			isa = PBXNativeTarget;
			buildConfigurationList = 04B4356022CD265300B1846D /* Build configuration list for PBXNativeTarget "InternetStoreTest" */;
			buildPhases = (
				04B4354722CD265000B1846D /* Sources */,
				04B4354822CD265000B1846D /* Frameworks */,
				04B4354922CD265000B1846D /* Resources */,
			);
			buildRules = (
			);
			dependencies = (
			);
			name = InternetStoreTest;
			productName = InternetStoreTest;
			productReference = 04B4354B22CD265000B1846D /* InternetStoreTest.app */;
			productType = "com.apple.product-type.application";
		};
/* End PBXNativeTarget section */

/* Begin PBXProject section */
		04B4354322CD265000B1846D /* Project object */ = {
			isa = PBXProject;
			attributes = {
				LastSwiftUpdateCheck = 1020;
				LastUpgradeCheck = 1020;
				ORGANIZATIONNAME = mac;
				TargetAttributes = {
					04B4354A22CD265000B1846D = {
						CreatedOnToolsVersion = 10.2.1;
					};
				};
			};
			buildConfigurationList = 04B4354622CD265000B1846D /* Build configuration list for PBXProject "InternetStoreTest" */;
			compatibilityVersion = "Xcode 9.3";
			developmentRegion = en;
			hasScannedForEncodings = 0;
			knownRegions = (
				en,
				Base,
			);
			mainGroup = 04B4354222CD265000B1846D;
			productRefGroup = 04B4354C22CD265000B1846D /* Products */;
			projectDirPath = "";
			projectRoot = "";
			targets = (
				04B4354A22CD265000B1846D /* InternetStoreTest */,
			);
		};
/* End PBXProject section */

/* Begin PBXResourcesBuildPhase section */
		04B4354922CD265000B1846D /* Resources */ = {
			isa = PBXResourcesBuildPhase;
			buildActionMask = 2147483647;
			files = (
				04A9FF5F22D1DABA00B4C3D3 /* Products.plist in Resources */,
				04B4355C22CD265300B1846D /* LaunchScreen.storyboard in Resources */,
				04B4355922CD265300B1846D /* Assets.xcassets in Resources */,
				04B4355422CD265000B1846D /* Main.storyboard in Resources */,
			);
			runOnlyForDeploymentPostprocessing = 0;
		};
/* End PBXResourcesBuildPhase section */

/* Begin PBXSourcesBuildPhase section */
		04B4354722CD265000B1846D /* Sources */ = {
			isa = PBXSourcesBuildPhase;
			buildActionMask = 2147483647;
			files = (
				04B4354F22CD265000B1846D /* AppDelegate.swift in Sources */,
				04B4356722CD3A5A00B1846D /* ProductsForBuyingVC.swift in Sources */,
				04B4356F22CE7F0800B1846D /* ProductForSellingVC.swift in Sources */,
				04B4357322CE9EA500B1846D /* CreateProductVC.swift in Sources */,
				04B4355722CD265000B1846D /* InternetStoreTest.xcdatamodeld in Sources */,
				04B4356522CD364900B1846D /* StoreOptionsScreenVC.swift in Sources */,
				04B4356B22CD3B2100B1846D /* Product.swift in Sources */,
				04B4356D22CE7BB600B1846D /* ProductDetailsVC.swift in Sources */,
			);
			runOnlyForDeploymentPostprocessing = 0;
		};
/* End PBXSourcesBuildPhase section */

/* Begin PBXVariantGroup section */
		04B4355222CD265000B1846D /* Main.storyboard */ = {
			isa = PBXVariantGroup;
			children = (
				04B4355322CD265000B1846D /* Base */,
			);
			name = Main.storyboard;
			sourceTree = "<group>";
		};
		04B4355A22CD265300B1846D /* LaunchScreen.storyboard */ = {
			isa = PBXVariantGroup;
			children = (
				04B4355B22CD265300B1846D /* Base */,
			);
			name = LaunchScreen.storyboard;
			sourceTree = "<group>";
		};
/* End PBXVariantGroup section */

/* Begin XCBuildConfiguration section */
		04B4355E22CD265300B1846D /* Debug */ = {
			isa = XCBuildConfiguration;
			buildSettings = {
				ALWAYS_SEARCH_USER_PATHS = NO;
				CLANG_ANALYZER_NONNULL = YES;
				CLANG_ANALYZER_NUMBER_OBJECT_CONVERSION = YES_AGGRESSIVE;
				CLANG_CXX_LANGUAGE_STANDARD = "gnu++14";
				CLANG_CXX_LIBRARY = "libc++";
				CLANG_ENABLE_MODULES = YES;
				CLANG_ENABLE_OBJC_ARC = YES;
				CLANG_ENABLE_OBJC_WEAK = YES;
				CLANG_WARN_BLOCK_CAPTURE_AUTORELEASING = YES;
				CLANG_WARN_BOOL_CONVERSION = YES;
				CLANG_WARN_COMMA = YES;
				CLANG_WARN_CONSTANT_CONVERSION = YES;
				CLANG_WARN_DEPRECATED_OBJC_IMPLEMENTATIONS = YES;
				CLANG_WARN_DIRECT_OBJC_ISA_USAGE = YES_ERROR;
				CLANG_WARN_DOCUMENTATION_COMMENTS = YES;
				CLANG_WARN_EMPTY_BODY = YES;
				CLANG_WARN_ENUM_CONVERSION = YES;
				CLANG_WARN_INFINITE_RECURSION = YES;
				CLANG_WARN_INT_CONVERSION = YES;
				CLANG_WARN_NON_LITERAL_NULL_CONVERSION = YES;
				CLANG_WARN_OBJC_IMPLICIT_RETAIN_SELF = YES;
				CLANG_WARN_OBJC_LITERAL_CONVERSION = YES;
				CLANG_WARN_OBJC_ROOT_CLASS = YES_ERROR;
				CLANG_WARN_RANGE_LOOP_ANALYSIS = YES;
				CLANG_WARN_STRICT_PROTOTYPES = YES;
				CLANG_WARN_SUSPICIOUS_MOVE = YES;
				CLANG_WARN_UNGUARDED_AVAILABILITY = YES_AGGRESSIVE;
				CLANG_WARN_UNREACHABLE_CODE = YES;
				CLANG_WARN__DUPLICATE_METHOD_MATCH = YES;
				CODE_SIGN_IDENTITY = "iPhone Developer";
				COPY_PHASE_STRIP = NO;
				DEBUG_INFORMATION_FORMAT = dwarf;
				ENABLE_STRICT_OBJC_MSGSEND = YES;
				ENABLE_TESTABILITY = YES;
				GCC_C_LANGUAGE_STANDARD = gnu11;
				GCC_DYNAMIC_NO_PIC = NO;
				GCC_NO_COMMON_BLOCKS = YES;
				GCC_OPTIMIZATION_LEVEL = 0;
				GCC_PREPROCESSOR_DEFINITIONS = (
					"DEBUG=1",
					"$(inherited)",
				);
				GCC_WARN_64_TO_32_BIT_CONVERSION = YES;
				GCC_WARN_ABOUT_RETURN_TYPE = YES_ERROR;
				GCC_WARN_UNDECLARED_SELECTOR = YES;
				GCC_WARN_UNINITIALIZED_AUTOS = YES_AGGRESSIVE;
				GCC_WARN_UNUSED_FUNCTION = YES;
				GCC_WARN_UNUSED_VARIABLE = YES;
				IPHONEOS_DEPLOYMENT_TARGET = 12.2;
				MTL_ENABLE_DEBUG_INFO = INCLUDE_SOURCE;
				MTL_FAST_MATH = YES;
				ONLY_ACTIVE_ARCH = YES;
				SDKROOT = iphoneos;
				SWIFT_ACTIVE_COMPILATION_CONDITIONS = DEBUG;
				SWIFT_OPTIMIZATION_LEVEL = "-Onone";
			};
			name = Debug;
		};
		04B4355F22CD265300B1846D /* Release */ = {
			isa = XCBuildConfiguration;
			buildSettings = {
				ALWAYS_SEARCH_USER_PATHS = NO;
				CLANG_ANALYZER_NONNULL = YES;
				CLANG_ANALYZER_NUMBER_OBJECT_CONVERSION = YES_AGGRESSIVE;
				CLANG_CXX_LANGUAGE_STANDARD = "gnu++14";
				CLANG_CXX_LIBRARY = "libc++";
				CLANG_ENABLE_MODULES = YES;
				CLANG_ENABLE_OBJC_ARC = YES;
				CLANG_ENABLE_OBJC_WEAK = YES;
				CLANG_WARN_BLOCK_CAPTURE_AUTORELEASING = YES;
				CLANG_WARN_BOOL_CONVERSION = YES;
				CLANG_WARN_COMMA = YES;
				CLANG_WARN_CONSTANT_CONVERSION = YES;
				CLANG_WARN_DEPRECATED_OBJC_IMPLEMENTATIONS = YES;
				CLANG_WARN_DIRECT_OBJC_ISA_USAGE = YES_ERROR;
				CLANG_WARN_DOCUMENTATION_COMMENTS = YES;
				CLANG_WARN_EMPTY_BODY = YES;
				CLANG_WARN_ENUM_CONVERSION = YES;
				CLANG_WARN_INFINITE_RECURSION = YES;
				CLANG_WARN_INT_CONVERSION = YES;
				CLANG_WARN_NON_LITERAL_NULL_CONVERSION = YES;
				CLANG_WARN_OBJC_IMPLICIT_RETAIN_SELF = YES;
				CLANG_WARN_OBJC_LITERAL_CONVERSION = YES;
				CLANG_WARN_OBJC_ROOT_CLASS = YES_ERROR;
				CLANG_WARN_RANGE_LOOP_ANALYSIS = YES;
				CLANG_WARN_STRICT_PROTOTYPES = YES;
				CLANG_WARN_SUSPICIOUS_MOVE = YES;
				CLANG_WARN_UNGUARDED_AVAILABILITY = YES_AGGRESSIVE;
				CLANG_WARN_UNREACHABLE_CODE = YES;
				CLANG_WARN__DUPLICATE_METHOD_MATCH = YES;
				CODE_SIGN_IDENTITY = "iPhone Developer";
				COPY_PHASE_STRIP = NO;
				DEBUG_INFORMATION_FORMAT = "dwarf-with-dsym";
				ENABLE_NS_ASSERTIONS = NO;
				ENABLE_STRICT_OBJC_MSGSEND = YES;
				GCC_C_LANGUAGE_STANDARD = gnu11;
				GCC_NO_COMMON_BLOCKS = YES;
				GCC_WARN_64_TO_32_BIT_CONVERSION = YES;
				GCC_WARN_ABOUT_RETURN_TYPE = YES_ERROR;
				GCC_WARN_UNDECLARED_SELECTOR = YES;
				GCC_WARN_UNINITIALIZED_AUTOS = YES_AGGRESSIVE;
				GCC_WARN_UNUSED_FUNCTION = YES;
				GCC_WARN_UNUSED_VARIABLE = YES;
				IPHONEOS_DEPLOYMENT_TARGET = 12.2;
				MTL_ENABLE_DEBUG_INFO = NO;
				MTL_FAST_MATH = YES;
				SDKROOT = iphoneos;
				SWIFT_COMPILATION_MODE = wholemodule;
				SWIFT_OPTIMIZATION_LEVEL = "-O";
				VALIDATE_PRODUCT = YES;
			};
			name = Release;
		};
		04B4356122CD265300B1846D /* Debug */ = {
			isa = XCBuildConfiguration;
			buildSettings = {
				ASSETCATALOG_COMPILER_APPICON_NAME = AppIcon;
				CODE_SIGN_STYLE = Automatic;
				DEVELOPMENT_TEAM = NHCQUZ8AKK;
				INFOPLIST_FILE = InternetStoreTest/Info.plist;
				LD_RUNPATH_SEARCH_PATHS = (
					"$(inherited)",
					"@executable_path/Frameworks",
				);
				PRODUCT_BUNDLE_IDENTIFIER = tokmachov.InternetStoreTest;
				PRODUCT_NAME = "$(TARGET_NAME)";
				SWIFT_VERSION = 5.0;
				TARGETED_DEVICE_FAMILY = "1,2";
			};
			name = Debug;
		};
		04B4356222CD265300B1846D /* Release */ = {
			isa = XCBuildConfiguration;
			buildSettings = {
				ASSETCATALOG_COMPILER_APPICON_NAME = AppIcon;
				CODE_SIGN_STYLE = Automatic;
				DEVELOPMENT_TEAM = NHCQUZ8AKK;
				INFOPLIST_FILE = InternetStoreTest/Info.plist;
				LD_RUNPATH_SEARCH_PATHS = (
					"$(inherited)",
					"@executable_path/Frameworks",
				);
				PRODUCT_BUNDLE_IDENTIFIER = tokmachov.InternetStoreTest;
				PRODUCT_NAME = "$(TARGET_NAME)";
				SWIFT_VERSION = 5.0;
				TARGETED_DEVICE_FAMILY = "1,2";
			};
			name = Release;
		};
/* End XCBuildConfiguration section */

/* Begin XCConfigurationList section */
		04B4354622CD265000B1846D /* Build configuration list for PBXProject "InternetStoreTest" */ = {
			isa = XCConfigurationList;
			buildConfigurations = (
				04B4355E22CD265300B1846D /* Debug */,
				04B4355F22CD265300B1846D /* Release */,
			);
			defaultConfigurationIsVisible = 0;
			defaultConfigurationName = Release;
		};
		04B4356022CD265300B1846D /* Build configuration list for PBXNativeTarget "InternetStoreTest" */ = {
			isa = XCConfigurationList;
			buildConfigurations = (
				04B4356122CD265300B1846D /* Debug */,
				04B4356222CD265300B1846D /* Release */,
			);
			defaultConfigurationIsVisible = 0;
			defaultConfigurationName = Release;
		};
/* End XCConfigurationList section */

/* Begin XCVersionGroup section */
		04B4355522CD265000B1846D /* InternetStoreTest.xcdatamodeld */ = {
			isa = XCVersionGroup;
			children = (
				04B4355622CD265000B1846D /* InternetStoreTest.xcdatamodel */,
			);
			currentVersion = 04B4355622CD265000B1846D /* InternetStoreTest.xcdatamodel */;
			path = InternetStoreTest.xcdatamodeld;
			sourceTree = "<group>";
			versionGroupType = wrapper.xcdatamodel;
		};
/* End XCVersionGroup section */
	};
	rootObject = 04B4354322CD265000B1846D /* Project object */;
}
